// !$*UTF8*$!
{
	archiveVersion = 1;
	classes = {
	};
	objectVersion = 46;
	objects = {

/* Begin PBXBuildFile section */
		1D3623260D0F684500981E51 /* pagePhoneAppDelegate.m in Sources */ = {isa = PBXBuildFile; fileRef = 1D3623250D0F684500981E51 /* pagePhoneAppDelegate.m */; };
		1D60589B0D05DD56006BFB54 /* main.m in Sources */ = {isa = PBXBuildFile; fileRef = 29B97316FDCFA39411CA2CEA /* main.m */; };
		1D60589F0D05DD5A006BFB54 /* Foundation.framework in Frameworks */ = {isa = PBXBuildFile; fileRef = 1D30AB110D05D00D00671497 /* Foundation.framework */; };
		1DF5F4E00D08C38300B7A737 /* UIKit.framework in Frameworks */ = {isa = PBXBuildFile; fileRef = 1DF5F4DF0D08C38300B7A737 /* UIKit.framework */; };
		288765A50DF7441C002DB57D /* CoreGraphics.framework in Frameworks */ = {isa = PBXBuildFile; fileRef = 288765A40DF7441C002DB57D /* CoreGraphics.framework */; };
		2899E5220DE3E06400AC0155 /* pagePhoneViewController.xib in Resources */ = {isa = PBXBuildFile; fileRef = 2899E5210DE3E06400AC0155 /* pagePhoneViewController.xib */; };
		28AD733F0D9D9553002E5188 /* MainWindow.xib in Resources */ = {isa = PBXBuildFile; fileRef = 28AD733E0D9D9553002E5188 /* MainWindow.xib */; };
		28D7ACF80DDB3853001CB0EB /* pagePhoneViewController.m in Sources */ = {isa = PBXBuildFile; fileRef = 28D7ACF70DDB3853001CB0EB /* pagePhoneViewController.m */; };
		38BC076A14F25B35000C9012 /* AVFoundation.framework in Frameworks */ = {isa = PBXBuildFile; fileRef = 38BC076914F25B35000C9012 /* AVFoundation.framework */; };
		38BC076C14F25B3F000C9012 /* CoreMedia.framework in Frameworks */ = {isa = PBXBuildFile; fileRef = 38BC076B14F25B3F000C9012 /* CoreMedia.framework */; };
		38BC076E14F25B48000C9012 /* CoreVideo.framework in Frameworks */ = {isa = PBXBuildFile; fileRef = 38BC076D14F25B48000C9012 /* CoreVideo.framework */; };
		38BC077014F25B70000C9012 /* libiconv.dylib in Frameworks */ = {isa = PBXBuildFile; fileRef = 38BC076F14F25B70000C9012 /* libiconv.dylib */; };
		38BC078F14F25B7F000C9012 /* libzbar.a in Frameworks */ = {isa = PBXBuildFile; fileRef = 38BC078914F25B7F000C9012 /* libzbar.a */; };
		38BC079014F25B7F000C9012 /* zbar-back.png in Resources */ = {isa = PBXBuildFile; fileRef = 38BC078B14F25B7F000C9012 /* zbar-back.png */; };
		38BC079114F25B7F000C9012 /* zbar-help.html in Resources */ = {isa = PBXBuildFile; fileRef = 38BC078C14F25B7F000C9012 /* zbar-help.html */; };
		38BC079214F25B7F000C9012 /* zbar-helpicons.png in Resources */ = {isa = PBXBuildFile; fileRef = 38BC078D14F25B7F000C9012 /* zbar-helpicons.png */; };
		38BC079314F25B7F000C9012 /* zbar-samples.png in Resources */ = {isa = PBXBuildFile; fileRef = 38BC078E14F25B7F000C9012 /* zbar-samples.png */; };
		38BC07A814F25C21000C9012 /* QuartzCore.framework in Frameworks */ = {isa = PBXBuildFile; fileRef = 38BC07A714F25C21000C9012 /* QuartzCore.framework */; };
		38F0E81314F5E6BD00EDEA07 /* sign_in.html in Resources */ = {isa = PBXBuildFile; fileRef = 38F0E81214F5E6BD00EDEA07 /* sign_in.html */; };
		D518A99E16D4804200893507 /* Default-568h@2x.png in Resources */ = {isa = PBXBuildFile; fileRef = D518A99D16D4804200893507 /* Default-568h@2x.png */; };
		D570EC701702C7A300BF85CF /* UMSocialOperation.m in Sources */ = {isa = PBXBuildFile; fileRef = D570EC6F1702C7A300BF85CF /* UMSocialOperation.m */; };
/* End PBXBuildFile section */

/* Begin PBXFileReference section */
		1D30AB110D05D00D00671497 /* Foundation.framework */ = {isa = PBXFileReference; lastKnownFileType = wrapper.framework; name = Foundation.framework; path = System/Library/Frameworks/Foundation.framework; sourceTree = SDKROOT; };
		1D3623240D0F684500981E51 /* pagePhoneAppDelegate.h */ = {isa = PBXFileReference; fileEncoding = 4; lastKnownFileType = sourcecode.c.h; path = pagePhoneAppDelegate.h; sourceTree = "<group>"; };
		1D3623250D0F684500981E51 /* pagePhoneAppDelegate.m */ = {isa = PBXFileReference; fileEncoding = 4; lastKnownFileType = sourcecode.c.objc; path = pagePhoneAppDelegate.m; sourceTree = "<group>"; };
		1D6058910D05DD3D006BFB54 /* pagePhone.app */ = {isa = PBXFileReference; explicitFileType = wrapper.application; includeInIndex = 0; path = pagePhone.app; sourceTree = BUILT_PRODUCTS_DIR; };
		1DF5F4DF0D08C38300B7A737 /* UIKit.framework */ = {isa = PBXFileReference; lastKnownFileType = wrapper.framework; name = UIKit.framework; path = System/Library/Frameworks/UIKit.framework; sourceTree = SDKROOT; };
		288765A40DF7441C002DB57D /* CoreGraphics.framework */ = {isa = PBXFileReference; lastKnownFileType = wrapper.framework; name = CoreGraphics.framework; path = System/Library/Frameworks/CoreGraphics.framework; sourceTree = SDKROOT; };
		2899E5210DE3E06400AC0155 /* pagePhoneViewController.xib */ = {isa = PBXFileReference; lastKnownFileType = file.xib; path = pagePhoneViewController.xib; sourceTree = "<group>"; };
		28AD733E0D9D9553002E5188 /* MainWindow.xib */ = {isa = PBXFileReference; lastKnownFileType = file.xib; path = MainWindow.xib; sourceTree = "<group>"; };
		28D7ACF60DDB3853001CB0EB /* pagePhoneViewController.h */ = {isa = PBXFileReference; fileEncoding = 4; lastKnownFileType = sourcecode.c.h; path = pagePhoneViewController.h; sourceTree = "<group>"; };
		28D7ACF70DDB3853001CB0EB /* pagePhoneViewController.m */ = {isa = PBXFileReference; fileEncoding = 4; lastKnownFileType = sourcecode.c.objc; path = pagePhoneViewController.m; sourceTree = "<group>"; };
		29B97316FDCFA39411CA2CEA /* main.m */ = {isa = PBXFileReference; fileEncoding = 4; lastKnownFileType = sourcecode.c.objc; path = main.m; sourceTree = "<group>"; };
		32CA4F630368D1EE00C91783 /* pagePhone_Prefix.pch */ = {isa = PBXFileReference; fileEncoding = 4; lastKnownFileType = sourcecode.c.h; path = pagePhone_Prefix.pch; sourceTree = "<group>"; };
		38BC076914F25B35000C9012 /* AVFoundation.framework */ = {isa = PBXFileReference; lastKnownFileType = wrapper.framework; name = AVFoundation.framework; path = System/Library/Frameworks/AVFoundation.framework; sourceTree = SDKROOT; };
		38BC076B14F25B3F000C9012 /* CoreMedia.framework */ = {isa = PBXFileReference; lastKnownFileType = wrapper.framework; name = CoreMedia.framework; path = System/Library/Frameworks/CoreMedia.framework; sourceTree = SDKROOT; };
		38BC076D14F25B48000C9012 /* CoreVideo.framework */ = {isa = PBXFileReference; lastKnownFileType = wrapper.framework; name = CoreVideo.framework; path = System/Library/Frameworks/CoreVideo.framework; sourceTree = SDKROOT; };
		38BC076F14F25B70000C9012 /* libiconv.dylib */ = {isa = PBXFileReference; lastKnownFileType = "compiled.mach-o.dylib"; name = libiconv.dylib; path = usr/lib/libiconv.dylib; sourceTree = SDKROOT; };
		38BC077514F25B7F000C9012 /* Decoder.h */ = {isa = PBXFileReference; fileEncoding = 4; lastKnownFileType = sourcecode.c.h; path = Decoder.h; sourceTree = "<group>"; };
		38BC077614F25B7F000C9012 /* Exception.h */ = {isa = PBXFileReference; fileEncoding = 4; lastKnownFileType = sourcecode.c.h; path = Exception.h; sourceTree = "<group>"; };
		38BC077714F25B7F000C9012 /* Image.h */ = {isa = PBXFileReference; fileEncoding = 4; lastKnownFileType = sourcecode.c.h; path = Image.h; sourceTree = "<group>"; };
		38BC077814F25B7F000C9012 /* ImageScanner.h */ = {isa = PBXFileReference; fileEncoding = 4; lastKnownFileType = sourcecode.c.h; path = ImageScanner.h; sourceTree = "<group>"; };
		38BC077914F25B7F000C9012 /* Processor.h */ = {isa = PBXFileReference; fileEncoding = 4; lastKnownFileType = sourcecode.c.h; path = Processor.h; sourceTree = "<group>"; };
		38BC077A14F25B7F000C9012 /* Scanner.h */ = {isa = PBXFileReference; fileEncoding = 4; lastKnownFileType = sourcecode.c.h; path = Scanner.h; sourceTree = "<group>"; };
		38BC077B14F25B7F000C9012 /* Symbol.h */ = {isa = PBXFileReference; fileEncoding = 4; lastKnownFileType = sourcecode.c.h; path = Symbol.h; sourceTree = "<group>"; };
		38BC077C14F25B7F000C9012 /* Video.h */ = {isa = PBXFileReference; fileEncoding = 4; lastKnownFileType = sourcecode.c.h; path = Video.h; sourceTree = "<group>"; };
		38BC077D14F25B7F000C9012 /* Window.h */ = {isa = PBXFileReference; fileEncoding = 4; lastKnownFileType = sourcecode.c.h; path = Window.h; sourceTree = "<group>"; };
		38BC077E14F25B7F000C9012 /* zbar.h */ = {isa = PBXFileReference; fileEncoding = 4; lastKnownFileType = sourcecode.c.h; path = zbar.h; sourceTree = "<group>"; };
		38BC077F14F25B7F000C9012 /* ZBarCameraSimulator.h */ = {isa = PBXFileReference; fileEncoding = 4; lastKnownFileType = sourcecode.c.h; path = ZBarCameraSimulator.h; sourceTree = "<group>"; };
		38BC078014F25B7F000C9012 /* ZBarCaptureReader.h */ = {isa = PBXFileReference; fileEncoding = 4; lastKnownFileType = sourcecode.c.h; path = ZBarCaptureReader.h; sourceTree = "<group>"; };
		38BC078114F25B7F000C9012 /* ZBarHelpController.h */ = {isa = PBXFileReference; fileEncoding = 4; lastKnownFileType = sourcecode.c.h; path = ZBarHelpController.h; sourceTree = "<group>"; };
		38BC078214F25B7F000C9012 /* ZBarImage.h */ = {isa = PBXFileReference; fileEncoding = 4; lastKnownFileType = sourcecode.c.h; path = ZBarImage.h; sourceTree = "<group>"; };
		38BC078314F25B7F000C9012 /* ZBarImageScanner.h */ = {isa = PBXFileReference; fileEncoding = 4; lastKnownFileType = sourcecode.c.h; path = ZBarImageScanner.h; sourceTree = "<group>"; };
		38BC078414F25B7F000C9012 /* ZBarReaderController.h */ = {isa = PBXFileReference; fileEncoding = 4; lastKnownFileType = sourcecode.c.h; path = ZBarReaderController.h; sourceTree = "<group>"; };
		38BC078514F25B7F000C9012 /* ZBarReaderView.h */ = {isa = PBXFileReference; fileEncoding = 4; lastKnownFileType = sourcecode.c.h; path = ZBarReaderView.h; sourceTree = "<group>"; };
		38BC078614F25B7F000C9012 /* ZBarReaderViewController.h */ = {isa = PBXFileReference; fileEncoding = 4; lastKnownFileType = sourcecode.c.h; path = ZBarReaderViewController.h; sourceTree = "<group>"; };
		38BC078714F25B7F000C9012 /* ZBarSDK.h */ = {isa = PBXFileReference; fileEncoding = 4; lastKnownFileType = sourcecode.c.h; path = ZBarSDK.h; sourceTree = "<group>"; };
		38BC078814F25B7F000C9012 /* ZBarSymbol.h */ = {isa = PBXFileReference; fileEncoding = 4; lastKnownFileType = sourcecode.c.h; path = ZBarSymbol.h; sourceTree = "<group>"; };
		38BC078914F25B7F000C9012 /* libzbar.a */ = {isa = PBXFileReference; lastKnownFileType = archive.ar; path = libzbar.a; sourceTree = "<group>"; };
		38BC078B14F25B7F000C9012 /* zbar-back.png */ = {isa = PBXFileReference; lastKnownFileType = image.png; path = "zbar-back.png"; sourceTree = "<group>"; };
		38BC078C14F25B7F000C9012 /* zbar-help.html */ = {isa = PBXFileReference; fileEncoding = 4; lastKnownFileType = text.html; path = "zbar-help.html"; sourceTree = "<group>"; };
		38BC078D14F25B7F000C9012 /* zbar-helpicons.png */ = {isa = PBXFileReference; lastKnownFileType = image.png; path = "zbar-helpicons.png"; sourceTree = "<group>"; };
		38BC078E14F25B7F000C9012 /* zbar-samples.png */ = {isa = PBXFileReference; lastKnownFileType = image.png; path = "zbar-samples.png"; sourceTree = "<group>"; };
		38BC07A714F25C21000C9012 /* QuartzCore.framework */ = {isa = PBXFileReference; lastKnownFileType = wrapper.framework; name = QuartzCore.framework; path = System/Library/Frameworks/QuartzCore.framework; sourceTree = SDKROOT; };
		38F0E81214F5E6BD00EDEA07 /* sign_in.html */ = {isa = PBXFileReference; fileEncoding = 4; lastKnownFileType = text.html; path = sign_in.html; sourceTree = "<group>"; };
		8D1107310486CEB800E47090 /* pagePhone-Info.plist */ = {isa = PBXFileReference; fileEncoding = 4; lastKnownFileType = text.plist.xml; path = "pagePhone-Info.plist"; plistStructureDefinitionIdentifier = "com.apple.xcode.plist.structure-definition.iphone.info-plist"; sourceTree = "<group>"; };
		D518A99D16D4804200893507 /* Default-568h@2x.png */ = {isa = PBXFileReference; lastKnownFileType = image.png; path = "Default-568h@2x.png"; sourceTree = "<group>"; };
		D570EC6E1702C7A300BF85CF /* UMSocialOperation.h */ = {isa = PBXFileReference; fileEncoding = 4; lastKnownFileType = sourcecode.c.h; path = UMSocialOperation.h; sourceTree = "<group>"; };
		D570EC6F1702C7A300BF85CF /* UMSocialOperation.m */ = {isa = PBXFileReference; fileEncoding = 4; lastKnownFileType = sourcecode.c.objc; path = UMSocialOperation.m; sourceTree = "<group>"; };
/* End PBXFileReference section */

/* Begin PBXFrameworksBuildPhase section */
		1D60588F0D05DD3D006BFB54 /* Frameworks */ = {
			isa = PBXFrameworksBuildPhase;
			buildActionMask = 2147483647;
			files = (
				1D60589F0D05DD5A006BFB54 /* Foundation.framework in Frameworks */,
				1DF5F4E00D08C38300B7A737 /* UIKit.framework in Frameworks */,
				288765A50DF7441C002DB57D /* CoreGraphics.framework in Frameworks */,
				38BC076A14F25B35000C9012 /* AVFoundation.framework in Frameworks */,
				38BC076C14F25B3F000C9012 /* CoreMedia.framework in Frameworks */,
				38BC076E14F25B48000C9012 /* CoreVideo.framework in Frameworks */,
				38BC077014F25B70000C9012 /* libiconv.dylib in Frameworks */,
				38BC078F14F25B7F000C9012 /* libzbar.a in Frameworks */,
				38BC07A814F25C21000C9012 /* QuartzCore.framework in Frameworks */,
			);
			runOnlyForDeploymentPostprocessing = 0;
		};
/* End PBXFrameworksBuildPhase section */

/* Begin PBXGroup section */
		080E96DDFE201D6D7F000001 /* Classes */ = {
			isa = PBXGroup;
			children = (
				D570EC6E1702C7A300BF85CF /* UMSocialOperation.h */,
				D570EC6F1702C7A300BF85CF /* UMSocialOperation.m */,
				1D3623240D0F684500981E51 /* pagePhoneAppDelegate.h */,
				1D3623250D0F684500981E51 /* pagePhoneAppDelegate.m */,
				28D7ACF60DDB3853001CB0EB /* pagePhoneViewController.h */,
				28D7ACF70DDB3853001CB0EB /* pagePhoneViewController.m */,
			);
			path = Classes;
			sourceTree = "<group>";
		};
		19C28FACFE9D520D11CA2CBB /* Products */ = {
			isa = PBXGroup;
			children = (
				1D6058910D05DD3D006BFB54 /* pagePhone.app */,
			);
			name = Products;
			sourceTree = "<group>";
		};
		29B97314FDCFA39411CA2CEA /* CustomTemplate */ = {
			isa = PBXGroup;
			children = (
				D518A99D16D4804200893507 /* Default-568h@2x.png */,
				38BC077114F25B7F000C9012 /* ZBarSDK */,
				080E96DDFE201D6D7F000001 /* Classes */,
				29B97315FDCFA39411CA2CEA /* Other Sources */,
				29B97317FDCFA39411CA2CEA /* Resources */,
				29B97323FDCFA39411CA2CEA /* Frameworks */,
				19C28FACFE9D520D11CA2CBB /* Products */,
				38BC07A714F25C21000C9012 /* QuartzCore.framework */,
			);
			name = CustomTemplate;
			sourceTree = "<group>";
		};
		29B97315FDCFA39411CA2CEA /* Other Sources */ = {
			isa = PBXGroup;
			children = (
				32CA4F630368D1EE00C91783 /* pagePhone_Prefix.pch */,
				29B97316FDCFA39411CA2CEA /* main.m */,
			);
			name = "Other Sources";
			sourceTree = "<group>";
		};
		29B97317FDCFA39411CA2CEA /* Resources */ = {
			isa = PBXGroup;
			children = (
				38F0E81214F5E6BD00EDEA07 /* sign_in.html */,
				2899E5210DE3E06400AC0155 /* pagePhoneViewController.xib */,
				28AD733E0D9D9553002E5188 /* MainWindow.xib */,
				8D1107310486CEB800E47090 /* pagePhone-Info.plist */,
			);
			name = Resources;
			sourceTree = "<group>";
		};
		29B97323FDCFA39411CA2CEA /* Frameworks */ = {
			isa = PBXGroup;
			children = (
				1DF5F4DF0D08C38300B7A737 /* UIKit.framework */,
				1D30AB110D05D00D00671497 /* Foundation.framework */,
				288765A40DF7441C002DB57D /* CoreGraphics.framework */,
				38BC076914F25B35000C9012 /* AVFoundation.framework */,
				38BC076B14F25B3F000C9012 /* CoreMedia.framework */,
				38BC076D14F25B48000C9012 /* CoreVideo.framework */,
				38BC076F14F25B70000C9012 /* libiconv.dylib */,
			);
			name = Frameworks;
			sourceTree = "<group>";
		};
		38BC077114F25B7F000C9012 /* ZBarSDK */ = {
			isa = PBXGroup;
			children = (
				38BC077214F25B7F000C9012 /* Headers */,
				38BC078914F25B7F000C9012 /* libzbar.a */,
				38BC078A14F25B7F000C9012 /* Resources */,
			);
			path = ZBarSDK;
			sourceTree = "<group>";
		};
		38BC077214F25B7F000C9012 /* Headers */ = {
			isa = PBXGroup;
			children = (
				38BC077314F25B7F000C9012 /* ZBarSDK */,
			);
			path = Headers;
			sourceTree = "<group>";
		};
		38BC077314F25B7F000C9012 /* ZBarSDK */ = {
			isa = PBXGroup;
			children = (
				38BC077414F25B7F000C9012 /* zbar */,
				38BC077E14F25B7F000C9012 /* zbar.h */,
				38BC077F14F25B7F000C9012 /* ZBarCameraSimulator.h */,
				38BC078014F25B7F000C9012 /* ZBarCaptureReader.h */,
				38BC078114F25B7F000C9012 /* ZBarHelpController.h */,
				38BC078214F25B7F000C9012 /* ZBarImage.h */,
				38BC078314F25B7F000C9012 /* ZBarImageScanner.h */,
				38BC078414F25B7F000C9012 /* ZBarReaderController.h */,
				38BC078514F25B7F000C9012 /* ZBarReaderView.h */,
				38BC078614F25B7F000C9012 /* ZBarReaderViewController.h */,
				38BC078714F25B7F000C9012 /* ZBarSDK.h */,
				38BC078814F25B7F000C9012 /* ZBarSymbol.h */,
			);
			path = ZBarSDK;
			sourceTree = "<group>";
		};
		38BC077414F25B7F000C9012 /* zbar */ = {
			isa = PBXGroup;
			children = (
				38BC077514F25B7F000C9012 /* Decoder.h */,
				38BC077614F25B7F000C9012 /* Exception.h */,
				38BC077714F25B7F000C9012 /* Image.h */,
				38BC077814F25B7F000C9012 /* ImageScanner.h */,
				38BC077914F25B7F000C9012 /* Processor.h */,
				38BC077A14F25B7F000C9012 /* Scanner.h */,
				38BC077B14F25B7F000C9012 /* Symbol.h */,
				38BC077C14F25B7F000C9012 /* Video.h */,
				38BC077D14F25B7F000C9012 /* Window.h */,
			);
			path = zbar;
			sourceTree = "<group>";
		};
		38BC078A14F25B7F000C9012 /* Resources */ = {
			isa = PBXGroup;
			children = (
				38BC078B14F25B7F000C9012 /* zbar-back.png */,
				38BC078C14F25B7F000C9012 /* zbar-help.html */,
				38BC078D14F25B7F000C9012 /* zbar-helpicons.png */,
				38BC078E14F25B7F000C9012 /* zbar-samples.png */,
			);
			path = Resources;
			sourceTree = "<group>";
		};
/* End PBXGroup section */

/* Begin PBXNativeTarget section */
		1D6058900D05DD3D006BFB54 /* pagePhone */ = {
			isa = PBXNativeTarget;
			buildConfigurationList = 1D6058960D05DD3E006BFB54 /* Build configuration list for PBXNativeTarget "pagePhone" */;
			buildPhases = (
				1D60588D0D05DD3D006BFB54 /* Resources */,
				1D60588E0D05DD3D006BFB54 /* Sources */,
				1D60588F0D05DD3D006BFB54 /* Frameworks */,
			);
			buildRules = (
			);
			dependencies = (
			);
			name = pagePhone;
			productName = pagePhone;
			productReference = 1D6058910D05DD3D006BFB54 /* pagePhone.app */;
			productType = "com.apple.product-type.application";
		};
/* End PBXNativeTarget section */

/* Begin PBXProject section */
		29B97313FDCFA39411CA2CEA /* Project object */ = {
			isa = PBXProject;
			attributes = {
				LastUpgradeCheck = 0460;
			};
			buildConfigurationList = C01FCF4E08A954540054247B /* Build configuration list for PBXProject "pagePhone" */;
			compatibilityVersion = "Xcode 3.2";
			developmentRegion = English;
			hasScannedForEncodings = 1;
			knownRegions = (
				English,
				Japanese,
				French,
				German,
			);
			mainGroup = 29B97314FDCFA39411CA2CEA /* CustomTemplate */;
			projectDirPath = "";
			projectRoot = "";
			targets = (
				1D6058900D05DD3D006BFB54 /* pagePhone */,
			);
		};
/* End PBXProject section */

/* Begin PBXResourcesBuildPhase section */
		1D60588D0D05DD3D006BFB54 /* Resources */ = {
			isa = PBXResourcesBuildPhase;
			buildActionMask = 2147483647;
			files = (
				28AD733F0D9D9553002E5188 /* MainWindow.xib in Resources */,
				2899E5220DE3E06400AC0155 /* pagePhoneViewController.xib in Resources */,
				38BC079014F25B7F000C9012 /* zbar-back.png in Resources */,
				38BC079114F25B7F000C9012 /* zbar-help.html in Resources */,
				38BC079214F25B7F000C9012 /* zbar-helpicons.png in Resources */,
				38BC079314F25B7F000C9012 /* zbar-samples.png in Resources */,
				38F0E81314F5E6BD00EDEA07 /* sign_in.html in Resources */,
				D518A99E16D4804200893507 /* Default-568h@2x.png in Resources */,
			);
			runOnlyForDeploymentPostprocessing = 0;
		};
/* End PBXResourcesBuildPhase section */

/* Begin PBXSourcesBuildPhase section */
		1D60588E0D05DD3D006BFB54 /* Sources */ = {
			isa = PBXSourcesBuildPhase;
			buildActionMask = 2147483647;
			files = (
				1D60589B0D05DD56006BFB54 /* main.m in Sources */,
				1D3623260D0F684500981E51 /* pagePhoneAppDelegate.m in Sources */,
				28D7ACF80DDB3853001CB0EB /* pagePhoneViewController.m in Sources */,
				D570EC701702C7A300BF85CF /* UMSocialOperation.m in Sources */,
			);
			runOnlyForDeploymentPostprocessing = 0;
		};
/* End PBXSourcesBuildPhase section */

/* Begin XCBuildConfiguration section */
		1D6058940D05DD3E006BFB54 /* Debug */ = {
			isa = XCBuildConfiguration;
			buildSettings = {
				ALWAYS_SEARCH_USER_PATHS = NO;
				COPY_PHASE_STRIP = NO;
				GCC_DYNAMIC_NO_PIC = NO;
				GCC_OPTIMIZATION_LEVEL = 0;
				GCC_PRECOMPILE_PREFIX_HEADER = YES;
				GCC_PREFIX_HEADER = pagePhone_Prefix.pch;
				INFOPLIST_FILE = "pagePhone-Info.plist";
				IPHONEOS_DEPLOYMENT_TARGET = 4.3;
				LIBRARY_SEARCH_PATHS = (
					"$(inherited)",
					"\"$(SRCROOT)/ZBarSDK\"",
				);
				PRODUCT_NAME = pagePhone;
			};
			name = Debug;
		};
		1D6058950D05DD3E006BFB54 /* Release */ = {
			isa = XCBuildConfiguration;
			buildSettings = {
				ALWAYS_SEARCH_USER_PATHS = NO;
				COPY_PHASE_STRIP = YES;
				GCC_PRECOMPILE_PREFIX_HEADER = YES;
				GCC_PREFIX_HEADER = pagePhone_Prefix.pch;
				INFOPLIST_FILE = "pagePhone-Info.plist";
				IPHONEOS_DEPLOYMENT_TARGET = 4.3;
				LIBRARY_SEARCH_PATHS = (
					"$(inherited)",
					"\"$(SRCROOT)/ZBarSDK\"",
				);
				PRODUCT_NAME = pagePhone;
				VALIDATE_PRODUCT = YES;
			};
			name = Release;
		};
		C01FCF4F08A954540054247B /* Debug */ = {
			isa = XCBuildConfiguration;
			buildSettings = {
				ARCHS = armv7;
				"CODE_SIGN_IDENTITY[sdk=iphoneos*]" = "iPhone Developer";
				GCC_C_LANGUAGE_STANDARD = c99;
				GCC_WARN_ABOUT_RETURN_TYPE = YES;
				GCC_WARN_UNUSED_VARIABLE = YES;
				IPHONEOS_DEPLOYMENT_TARGET = 4.3;
				SDKROOT = iphoneos;
			};
			name = Debug;
		};
		C01FCF5008A954540054247B /* Release */ = {
			isa = XCBuildConfiguration;
			buildSettings = {
				ARCHS = armv7;
				"CODE_SIGN_IDENTITY[sdk=iphoneos*]" = "iPhone Developer";
				GCC_C_LANGUAGE_STANDARD = c99;
				GCC_WARN_ABOUT_RETURN_TYPE = YES;
				GCC_WARN_UNUSED_VARIABLE = YES;
				IPHONEOS_DEPLOYMENT_TARGET = 4.3;
				OTHER_CFLAGS = "-DNS_BLOCK_ASSERTIONS=1";
				SDKROOT = iphoneos;
			};
			name = Release;
		};
/* End XCBuildConfiguration section */

/* Begin XCConfigurationList section */
		1D6058960D05DD3E006BFB54 /* Build configuration list for PBXNativeTarget "pagePhone" */ = {
			isa = XCConfigurationList;
			buildConfigurations = (
				1D6058940D05DD3E006BFB54 /* Debug */,
				1D6058950D05DD3E006BFB54 /* Release */,
			);
			defaultConfigurationIsVisible = 0;
			defaultConfigurationName = Release;
		};
		C01FCF4E08A954540054247B /* Build configuration list for PBXProject "pagePhone" */ = {
			isa = XCConfigurationList;
			buildConfigurations = (
				C01FCF4F08A954540054247B /* Debug */,
				C01FCF5008A954540054247B /* Release */,
			);
			defaultConfigurationIsVisible = 0;
			defaultConfigurationName = Release;
		};
/* End XCConfigurationList section */
	};
	rootObject = 29B97313FDCFA39411CA2CEA /* Project object */;
}
